// !$*UTF8*$!
{
	archiveVersion = 1;
	classes = {
	};
	objectVersion = 50;
	objects = {

/* Begin PBXBuildFile section */
		1F1058AB2553D3BA006F56BD /* AppDelegate.swift in Sources */ = {isa = PBXBuildFile; fileRef = 1F1058AA2553D3BA006F56BD /* AppDelegate.swift */; };
		1F1058AD2553D3BA006F56BD /* SceneDelegate.swift in Sources */ = {isa = PBXBuildFile; fileRef = 1F1058AC2553D3BA006F56BD /* SceneDelegate.swift */; };
		1F1058AF2553D3BA006F56BD /* ViewController.swift in Sources */ = {isa = PBXBuildFile; fileRef = 1F1058AE2553D3BA006F56BD /* ViewController.swift */; };
		1F1058B22553D3BA006F56BD /* Main.storyboard in Resources */ = {isa = PBXBuildFile; fileRef = 1F1058B02553D3BA006F56BD /* Main.storyboard */; };
		1F1058B42553D3BF006F56BD /* Assets.xcassets in Resources */ = {isa = PBXBuildFile; fileRef = 1F1058B32553D3BF006F56BD /* Assets.xcassets */; };
		1F1058B72553D3BF006F56BD /* LaunchScreen.storyboard in Resources */ = {isa = PBXBuildFile; fileRef = 1F1058B52553D3BF006F56BD /* LaunchScreen.storyboard */; };
		1F1058C12553D4A8006F56BD /* TableViewController.swift in Sources */ = {isa = PBXBuildFile; fileRef = 1F1058C02553D4A8006F56BD /* TableViewController.swift */; };
		1F1058C42553D671006F56BD /* TableViewCell.swift in Sources */ = {isa = PBXBuildFile; fileRef = 1F1058C32553D671006F56BD /* TableViewCell.swift */; };
/* End PBXBuildFile section */

/* Begin PBXFileReference section */
		1F1058A72553D3BA006F56BD /* UIPopoverPresentationController.app */ = {isa = PBXFileReference; explicitFileType = wrapper.application; includeInIndex = 0; path = UIPopoverPresentationController.app; sourceTree = BUILT_PRODUCTS_DIR; };
		1F1058AA2553D3BA006F56BD /* AppDelegate.swift */ = {isa = PBXFileReference; lastKnownFileType = sourcecode.swift; path = AppDelegate.swift; sourceTree = "<group>"; };
		1F1058AC2553D3BA006F56BD /* SceneDelegate.swift */ = {isa = PBXFileReference; lastKnownFileType = sourcecode.swift; path = SceneDelegate.swift; sourceTree = "<group>"; };
		1F1058AE2553D3BA006F56BD /* ViewController.swift */ = {isa = PBXFileReference; lastKnownFileType = sourcecode.swift; path = ViewController.swift; sourceTree = "<group>"; };
		1F1058B12553D3BA006F56BD /* Base */ = {isa = PBXFileReference; lastKnownFileType = file.storyboard; name = Base; path = Base.lproj/Main.storyboard; sourceTree = "<group>"; };
		1F1058B32553D3BF006F56BD /* Assets.xcassets */ = {isa = PBXFileReference; lastKnownFileType = folder.assetcatalog; path = Assets.xcassets; sourceTree = "<group>"; };
		1F1058B62553D3BF006F56BD /* Base */ = {isa = PBXFileReference; lastKnownFileType = file.storyboard; name = Base; path = Base.lproj/LaunchScreen.storyboard; sourceTree = "<group>"; };
		1F1058B82553D3BF006F56BD /* Info.plist */ = {isa = PBXFileReference; lastKnownFileType = text.plist.xml; path = Info.plist; sourceTree = "<group>"; };
		1F1058C02553D4A8006F56BD /* TableViewController.swift */ = {isa = PBXFileReference; lastKnownFileType = sourcecode.swift; path = TableViewController.swift; sourceTree = "<group>"; };
		1F1058C32553D671006F56BD /* TableViewCell.swift */ = {isa = PBXFileReference; lastKnownFileType = sourcecode.swift; path = TableViewCell.swift; sourceTree = "<group>"; };
/* End PBXFileReference section */

/* Begin PBXFrameworksBuildPhase section */
		1F1058A42553D3BA006F56BD /* Frameworks */ = {
			isa = PBXFrameworksBuildPhase;
			buildActionMask = 2147483647;
			files = (
			);
			runOnlyForDeploymentPostprocessing = 0;
		};
/* End PBXFrameworksBuildPhase section */

/* Begin PBXGroup section */
		1F10589E2553D3BA006F56BD = {
			isa = PBXGroup;
			children = (
				1F1058A92553D3BA006F56BD /* UIPopoverPresentationController */,
				1F1058A82553D3BA006F56BD /* Products */,
			);
			sourceTree = "<group>";
		};
		1F1058A82553D3BA006F56BD /* Products */ = {
			isa = PBXGroup;
			children = (
				1F1058A72553D3BA006F56BD /* UIPopoverPresentationController.app */,
			);
			name = Products;
			sourceTree = "<group>";
		};
		1F1058A92553D3BA006F56BD /* UIPopoverPresentationController */ = {
			isa = PBXGroup;
			children = (
				1F1058AA2553D3BA006F56BD /* AppDelegate.swift */,
				1F1058AC2553D3BA006F56BD /* SceneDelegate.swift */,
				1F1058AE2553D3BA006F56BD /* ViewController.swift */,
				1F1058C02553D4A8006F56BD /* TableViewController.swift */,
				1F1058C32553D671006F56BD /* TableViewCell.swift */,
				1F1058B02553D3BA006F56BD /* Main.storyboard */,
				1F1058B32553D3BF006F56BD /* Assets.xcassets */,
				1F1058B52553D3BF006F56BD /* LaunchScreen.storyboard */,
				1F1058B82553D3BF006F56BD /* Info.plist */,
			);
			path = UIPopoverPresentationController;
			sourceTree = "<group>";
		};
/* End PBXGroup section */

/* Begin PBXNativeTarget section */
		1F1058A62553D3BA006F56BD /* UIPopoverPresentationController */ = {
			isa = PBXNativeTarget;
			buildConfigurationList = 1F1058BB2553D3BF006F56BD /* Build configuration list for PBXNativeTarget "UIPopoverPresentationController" */;
			buildPhases = (
				1F1058A32553D3BA006F56BD /* Sources */,
				1F1058A42553D3BA006F56BD /* Frameworks */,
				1F1058A52553D3BA006F56BD /* Resources */,
			);
			buildRules = (
			);
			dependencies = (
			);
			name = UIPopoverPresentationController;
			productName = UIPopoverPresentationController;
			productReference = 1F1058A72553D3BA006F56BD /* UIPopoverPresentationController.app */;
			productType = "com.apple.product-type.application";
		};
/* End PBXNativeTarget section */

/* Begin PBXProject section */
		1F10589F2553D3BA006F56BD /* Project object */ = {
			isa = PBXProject;
			attributes = {
				LastSwiftUpdateCheck = 1200;
				LastUpgradeCheck = 1200;
				TargetAttributes = {
					1F1058A62553D3BA006F56BD = {
						CreatedOnToolsVersion = 12.0.1;
					};
				};
			};
			buildConfigurationList = 1F1058A22553D3BA006F56BD /* Build configuration list for PBXProject "UIPopoverPresentationController" */;
			compatibilityVersion = "Xcode 9.3";
			developmentRegion = en;
			hasScannedForEncodings = 0;
			knownRegions = (
				en,
				Base,
			);
			mainGroup = 1F10589E2553D3BA006F56BD;
			productRefGroup = 1F1058A82553D3BA006F56BD /* Products */;
			projectDirPath = "";
			projectRoot = "";
			targets = (
				1F1058A62553D3BA006F56BD /* UIPopoverPresentationController */,
			);
		};
/* End PBXProject section */

/* Begin PBXResourcesBuildPhase section */
		1F1058A52553D3BA006F56BD /* Resources */ = {
			isa = PBXResourcesBuildPhase;
			buildActionMask = 2147483647;
			files = (
				1F1058B72553D3BF006F56BD /* LaunchScreen.storyboard in Resources */,
				1F1058B42553D3BF006F56BD /* Assets.xcassets in Resources */,
				1F1058B22553D3BA006F56BD /* Main.storyboard in Resources */,
			);
			runOnlyForDeploymentPostprocessing = 0;
		};
/* End PBXResourcesBuildPhase section */

/* Begin PBXSourcesBuildPhase section */
		1F1058A32553D3BA006F56BD /* Sources */ = {
			isa = PBXSourcesBuildPhase;
			buildActionMask = 2147483647;
			files = (
				1F1058C42553D671006F56BD /* TableViewCell.swift in Sources */,
				1F1058AF2553D3BA006F56BD /* ViewController.swift in Sources */,
				1F1058AB2553D3BA006F56BD /* AppDelegate.swift in Sources */,
				1F1058AD2553D3BA006F56BD /* SceneDelegate.swift in Sources */,
				1F1058C12553D4A8006F56BD /* TableViewController.swift in Sources */,
			);
			runOnlyForDeploymentPostprocessing = 0;
		};
/* End PBXSourcesBuildPhase section */

/* Begin PBXVariantGroup section */
		1F1058B02553D3BA006F56BD /* Main.storyboard */ = {
			isa = PBXVariantGroup;
			children = (
				1F1058B12553D3BA006F56BD /* Base */,
			);
			name = Main.storyboard;
			sourceTree = "<group>";
		};
		1F1058B52553D3BF006F56BD /* LaunchScreen.storyboard */ = {
			isa = PBXVariantGroup;
			children = (
				1F1058B62553D3BF006F56BD /* Base */,
			);
			name = LaunchScreen.storyboard;
			sourceTree = "<group>";
		};
/* End PBXVariantGroup section */

/* Begin XCBuildConfiguration section */
		1F1058B92553D3BF006F56BD /* Debug */ = {
			isa = XCBuildConfiguration;
			buildSettings = {
				ALWAYS_SEARCH_USER_PATHS = NO;
				CLANG_ANALYZER_NONNULL = YES;
				CLANG_ANALYZER_NUMBER_OBJECT_CONVERSION = YES_AGGRESSIVE;
				CLANG_CXX_LANGUAGE_STANDARD = "gnu++14";
				CLANG_CXX_LIBRARY = "libc++";
				CLANG_ENABLE_MODULES = YES;
				CLANG_ENABLE_OBJC_ARC = YES;
				CLANG_ENABLE_OBJC_WEAK = YES;
				CLANG_WARN_BLOCK_CAPTURE_AUTORELEASING = YES;
				CLANG_WARN_BOOL_CONVERSION = YES;
				CLANG_WARN_COMMA = YES;
				CLANG_WARN_CONSTANT_CONVERSION = YES;
				CLANG_WARN_DEPRECATED_OBJC_IMPLEMENTATIONS = YES;
				CLANG_WARN_DIRECT_OBJC_ISA_USAGE = YES_ERROR;
				CLANG_WARN_DOCUMENTATION_COMMENTS = YES;
				CLANG_WARN_EMPTY_BODY = YES;
				CLANG_WARN_ENUM_CONVERSION = YES;
				CLANG_WARN_INFINITE_RECURSION = YES;
				CLANG_WARN_INT_CONVERSION = YES;
				CLANG_WARN_NON_LITERAL_NULL_CONVERSION = YES;
				CLANG_WARN_OBJC_IMPLICIT_RETAIN_SELF = YES;
				CLANG_WARN_OBJC_LITERAL_CONVERSION = YES;
				CLANG_WARN_OBJC_ROOT_CLASS = YES_ERROR;
				CLANG_WARN_QUOTED_INCLUDE_IN_FRAMEWORK_HEADER = YES;
				CLANG_WARN_RANGE_LOOP_ANALYSIS = YES;
				CLANG_WARN_STRICT_PROTOTYPES = YES;
				CLANG_WARN_SUSPICIOUS_MOVE = YES;
				CLANG_WARN_UNGUARDED_AVAILABILITY = YES_AGGRESSIVE;
				CLANG_WARN_UNREACHABLE_CODE = YES;
				CLANG_WARN__DUPLICATE_METHOD_MATCH = YES;
				COPY_PHASE_STRIP = NO;
				DEBUG_INFORMATION_FORMAT = dwarf;
				ENABLE_STRICT_OBJC_MSGSEND = YES;
				ENABLE_TESTABILITY = YES;
				GCC_C_LANGUAGE_STANDARD = gnu11;
				GCC_DYNAMIC_NO_PIC = NO;
				GCC_NO_COMMON_BLOCKS = YES;
				GCC_OPTIMIZATION_LEVEL = 0;
				GCC_PREPROCESSOR_DEFINITIONS = (
					"DEBUG=1",
					"$(inherited)",
				);
				GCC_WARN_64_TO_32_BIT_CONVERSION = YES;
				GCC_WARN_ABOUT_RETURN_TYPE = YES_ERROR;
				GCC_WARN_UNDECLARED_SELECTOR = YES;
				GCC_WARN_UNINITIALIZED_AUTOS = YES_AGGRESSIVE;
				GCC_WARN_UNUSED_FUNCTION = YES;
				GCC_WARN_UNUSED_VARIABLE = YES;
				IPHONEOS_DEPLOYMENT_TARGET = 14.0;
				MTL_ENABLE_DEBUG_INFO = INCLUDE_SOURCE;
				MTL_FAST_MATH = YES;
				ONLY_ACTIVE_ARCH = YES;
				SDKROOT = iphoneos;
				SWIFT_ACTIVE_COMPILATION_CONDITIONS = DEBUG;
				SWIFT_OPTIMIZATION_LEVEL = "-Onone";
			};
			name = Debug;
		};
		1F1058BA2553D3BF006F56BD /* Release */ = {
			isa = XCBuildConfiguration;
			buildSettings = {
				ALWAYS_SEARCH_USER_PATHS = NO;
				CLANG_ANALYZER_NONNULL = YES;
				CLANG_ANALYZER_NUMBER_OBJECT_CONVERSION = YES_AGGRESSIVE;
				CLANG_CXX_LANGUAGE_STANDARD = "gnu++14";
				CLANG_CXX_LIBRARY = "libc++";
				CLANG_ENABLE_MODULES = YES;
				CLANG_ENABLE_OBJC_ARC = YES;
				CLANG_ENABLE_OBJC_WEAK = YES;
				CLANG_WARN_BLOCK_CAPTURE_AUTORELEASING = YES;
				CLANG_WARN_BOOL_CONVERSION = YES;
				CLANG_WARN_COMMA = YES;
				CLANG_WARN_CONSTANT_CONVERSION = YES;
				CLANG_WARN_DEPRECATED_OBJC_IMPLEMENTATIONS = YES;
				CLANG_WARN_DIRECT_OBJC_ISA_USAGE = YES_ERROR;
				CLANG_WARN_DOCUMENTATION_COMMENTS = YES;
				CLANG_WARN_EMPTY_BODY = YES;
				CLANG_WARN_ENUM_CONVERSION = YES;
				CLANG_WARN_INFINITE_RECURSION = YES;
				CLANG_WARN_INT_CONVERSION = YES;
				CLANG_WARN_NON_LITERAL_NULL_CONVERSION = YES;
				CLANG_WARN_OBJC_IMPLICIT_RETAIN_SELF = YES;
				CLANG_WARN_OBJC_LITERAL_CONVERSION = YES;
				CLANG_WARN_OBJC_ROOT_CLASS = YES_ERROR;
				CLANG_WARN_QUOTED_INCLUDE_IN_FRAMEWORK_HEADER = YES;
				CLANG_WARN_RANGE_LOOP_ANALYSIS = YES;
				CLANG_WARN_STRICT_PROTOTYPES = YES;
				CLANG_WARN_SUSPICIOUS_MOVE = YES;
				CLANG_WARN_UNGUARDED_AVAILABILITY = YES_AGGRESSIVE;
				CLANG_WARN_UNREACHABLE_CODE = YES;
				CLANG_WARN__DUPLICATE_METHOD_MATCH = YES;
				COPY_PHASE_STRIP = NO;
				DEBUG_INFORMATION_FORMAT = "dwarf-with-dsym";
				ENABLE_NS_ASSERTIONS = NO;
				ENABLE_STRICT_OBJC_MSGSEND = YES;
				GCC_C_LANGUAGE_STANDARD = gnu11;
				GCC_NO_COMMON_BLOCKS = YES;
				GCC_WARN_64_TO_32_BIT_CONVERSION = YES;
				GCC_WARN_ABOUT_RETURN_TYPE = YES_ERROR;
				GCC_WARN_UNDECLARED_SELECTOR = YES;
				GCC_WARN_UNINITIALIZED_AUTOS = YES_AGGRESSIVE;
				GCC_WARN_UNUSED_FUNCTION = YES;
				GCC_WARN_UNUSED_VARIABLE = YES;
				IPHONEOS_DEPLOYMENT_TARGET = 14.0;
				MTL_ENABLE_DEBUG_INFO = NO;
				MTL_FAST_MATH = YES;
				SDKROOT = iphoneos;
				SWIFT_COMPILATION_MODE = wholemodule;
				SWIFT_OPTIMIZATION_LEVEL = "-O";
				VALIDATE_PRODUCT = YES;
			};
			name = Release;
		};
		1F1058BC2553D3BF006F56BD /* Debug */ = {
			isa = XCBuildConfiguration;
			buildSettings = {
				ASSETCATALOG_COMPILER_APPICON_NAME = AppIcon;
				ASSETCATALOG_COMPILER_GLOBAL_ACCENT_COLOR_NAME = AccentColor;
				CODE_SIGN_STYLE = Automatic;
				INFOPLIST_FILE = UIPopoverPresentationController/Info.plist;
				LD_RUNPATH_SEARCH_PATHS = (
					"$(inherited)",
					"@executable_path/Frameworks",
				);
				PRODUCT_BUNDLE_IDENTIFIER = com.kiprosh.UIPopoverPresentationController;
				PRODUCT_NAME = "$(TARGET_NAME)";
				SWIFT_VERSION = 5.0;
				TARGETED_DEVICE_FAMILY = "1,2";
			};
			name = Debug;
		};
		1F1058BD2553D3BF006F56BD /* Release */ = {
			isa = XCBuildConfiguration;
			buildSettings = {
				ASSETCATALOG_COMPILER_APPICON_NAME = AppIcon;
				ASSETCATALOG_COMPILER_GLOBAL_ACCENT_COLOR_NAME = AccentColor;
				CODE_SIGN_STYLE = Automatic;
				INFOPLIST_FILE = UIPopoverPresentationController/Info.plist;
				LD_RUNPATH_SEARCH_PATHS = (
					"$(inherited)",
					"@executable_path/Frameworks",
				);
				PRODUCT_BUNDLE_IDENTIFIER = com.kiprosh.UIPopoverPresentationController;
				PRODUCT_NAME = "$(TARGET_NAME)";
				SWIFT_VERSION = 5.0;
				TARGETED_DEVICE_FAMILY = "1,2";
			};
			name = Release;
		};
/* End XCBuildConfiguration section */

/* Begin XCConfigurationList section */
		1F1058A22553D3BA006F56BD /* Build configuration list for PBXProject "UIPopoverPresentationController" */ = {
			isa = XCConfigurationList;
			buildConfigurations = (
				1F1058B92553D3BF006F56BD /* Debug */,
				1F1058BA2553D3BF006F56BD /* Release */,
			);
			defaultConfigurationIsVisible = 0;
			defaultConfigurationName = Release;
		};
		1F1058BB2553D3BF006F56BD /* Build configuration list for PBXNativeTarget "UIPopoverPresentationController" */ = {
			isa = XCConfigurationList;
			buildConfigurations = (
				1F1058BC2553D3BF006F56BD /* Debug */,
				1F1058BD2553D3BF006F56BD /* Release */,
			);
			defaultConfigurationIsVisible = 0;
			defaultConfigurationName = Release;
		};
/* End XCConfigurationList section */
	};
	rootObject = 1F10589F2553D3BA006F56BD /* Project object */;
}
